
Microsoft Visual Studio Solution File, Format Version 12.00
# Visual Studio Version 17
VisualStudioVersion = 17.3.32929.385
MinimumVisualStudioVersion = 10.0.40219.1
Project("{FAE04EC0-301F-11D3-BF4B-00C04F79EFBC}") = "SapphireApp", "SFlowerApp\SapphireApp.csproj", "{D81609AD-4058-43A4-B7BD-178DEA34BE10}"
EndProject
Global
	GlobalSection(SolutionConfigurationPlatforms) = preSolution
		Debug|Any CPU = Debug|Any CPU
		Release|Any CPU = Release|Any CPU
	EndGlobalSection
	GlobalSection(ProjectConfigurationPlatforms) = postSolution
		{D81609AD-4058-43A4-B7BD-178DEA34BE10}.Debug|Any CPU.ActiveCfg = Debug|Any CPU
		{D81609AD-4058-43A4-B7BD-178DEA34BE10}.Debug|Any CPU.Build.0 = Debug|Any CPU
		{D81609AD-4058-43A4-B7BD-178DEA34BE10}.Release|Any CPU.ActiveCfg = Release|Any CPU
		{D81609AD-4058-43A4-B7BD-178DEA34BE10}.Release|Any CPU.Build.0 = Release|Any CPU
	EndGlobalSection
	GlobalSection(SolutionProperties) = preSolution
		HideSolutionNode = FALSE
	EndGlobalSection
	GlobalSection(ExtensibilityGlobals) = postSolution
		SolutionGuid = {F5A73B8F-D280-4A19-9160-1ADF66CBA098}
	EndGlobalSection
EndGlobal
